Microsoft Visual Studio Solution File, Format Version 12.00
# Visual Studio Version 17
VisualStudioVersion = 17.5.2.0
MinimumVisualStudioVersion = 10.0.40219.1
Project("{FAE04EC0-301F-11D3-BF4B-00C04F79EFBC}") = "EventEase", "EventEase.csproj", "{2E2C03B8-4821-BD83-A1E3-CFD21491410A}"
EndProject
Global
	GlobalSection(SolutionConfigurationPlatforms) = preSolution
		Debug|Any CPU = Debug|Any CPU
		Release|Any CPU = Release|Any CPU
	EndGlobalSection
	GlobalSection(ProjectConfigurationPlatforms) = postSolution
		{2E2C03B8-4821-BD83-A1E3-CFD21491410A}.Debug|Any CPU.ActiveCfg = Debug|Any CPU
		{2E2C03B8-4821-BD83-A1E3-CFD21491410A}.Debug|Any CPU.Build.0 = Debug|Any CPU
		{2E2C03B8-4821-BD83-A1E3-CFD21491410A}.Release|Any CPU.ActiveCfg = Release|Any CPU
		{2E2C03B8-4821-BD83-A1E3-CFD21491410A}.Release|Any CPU.Build.0 = Release|Any CPU
	EndGlobalSection
	GlobalSection(SolutionProperties) = preSolution
		HideSolutionNode = FALSE
	EndGlobalSection
	GlobalSection(ExtensibilityGlobals) = postSolution
		SolutionGuid = {3A44B271-2423-4103-BA76-B0B193749349}
	EndGlobalSection
EndGlobal
